github.com/i9si-sistemas/assert v0.0.0-20250430171352-359d1481c58c h1:8DlRk8oT2YFyo8MbY00ge2wEEGGLZWr2mGJextdSePI=
github.com/i9si-sistemas/assert v0.0.0-20250430171352-359d1481c58c/go.mod h1:xRwY4u6NZZjNLlgdBSaNESQEUSJ4CxuT4lWQAbvwfBQ=
github.com/i9si-sistemas/command v1.0.1 h1:Z8YkJloBaGy6/XQOcSGYFw89ZbbfmXIOAQSo5+KINYM=
github.com/i9si-sistemas/command v1.0.1/go.mod h1:xuSMhTy3ppHg91cH+D3f/4sI5CLyWNfSEkmmWh+0AeM=
github.com/i9si-sistemas/safeos v0.0.0-20250516190834-5da44d761eb9 h1:7eDBWZAECEhEh6ek25c9E/mJAM9s42088a4C346mc0A=
github.com/i9si-sistemas/safeos v0.0.0-20250516190834-5da44d761eb9/go.mod h1:U8AKtfbCcE9fq+Ae8vDpNFWLJhenj/63wkMXiUdqlg8=
github.com/i9si-sistemas/stringx v1.4.0 h1:ei95bVOI+Y5IGpLKLu4/WXbLqYYAF1EeOZcPdo9525k=
github.com/i9si-sistemas/stringx v1.4.0/go.mod h1:+GhyHUFCjPCdi4BOTLuXI1O0VE0YZP1kn32XEcb9bk4=
github.com/i9si-sistemas/stringx v1.4.2 h1:x+O2N8szMRLwXD3EFarRc3Opq6iwmuDQDZGDNk2hDII=
github.com/i9si-sistemas/stringx v1.4.2/go.mod h1:+GhyHUFCjPCdi4BOTLuXI1O0VE0YZP1kn32XEcb9bk4=
github.com/i9si-sistemas/stringx v1.5.7 h1:zfJtocfeX7HK46iufBFeIhqH6XCachCkYhQbCc2zUMk=
github.com/i9si-sistemas/stringx v1.5.7/go.mod h1:+GhyHUFCjPCdi4BOTLuXI1O0VE0YZP1kn32XEcb9bk4=
